// !$*UTF8*$!
{
	archiveVersion = 1;
	classes = {
	};
	objectVersion = 46;
	objects = {

/* Begin PBXBuildFile section */
		E210A66E1B1021AE00C7265D /* main.m in Sources */ = {isa = PBXBuildFile; fileRef = E210A66D1B1021AE00C7265D /* main.m */; };
		E210A6711B1021AE00C7265D /* AppDelegate.m in Sources */ = {isa = PBXBuildFile; fileRef = E210A6701B1021AE00C7265D /* AppDelegate.m */; };
		E210A6741B1021AE00C7265D /* ViewController.m in Sources */ = {isa = PBXBuildFile; fileRef = E210A6731B1021AE00C7265D /* ViewController.m */; };
		E210A6771B1021AE00C7265D /* Main.storyboard in Resources */ = {isa = PBXBuildFile; fileRef = E210A6751B1021AE00C7265D /* Main.storyboard */; };
		E210A6791B1021AE00C7265D /* Images.xcassets in Resources */ = {isa = PBXBuildFile; fileRef = E210A6781B1021AE00C7265D /* Images.xcassets */; };
		E210A67C1B1021AE00C7265D /* LaunchScreen.xib in Resources */ = {isa = PBXBuildFile; fileRef = E210A67A1B1021AE00C7265D /* LaunchScreen.xib */; };
		E210A6881B1021AE00C7265D /* TestTests.m in Sources */ = {isa = PBXBuildFile; fileRef = E210A6871B1021AE00C7265D /* TestTests.m */; };
		E21F5B0B1B14B778007AC404 /* DetectAppManager.m in Sources */ = {isa = PBXBuildFile; fileRef = E21F5B0A1B14B778007AC404 /* DetectAppManager.m */; };
		E2F0BE331B16C22400735DF4 /* AppRunModeHandler.m in Sources */ = {isa = PBXBuildFile; fileRef = E2F0BE321B16C22400735DF4 /* AppRunModeHandler.m */; };
		E2F0BE351B16CD8700735DF4 /* muteAudio.mp3 in Resources */ = {isa = PBXBuildFile; fileRef = E2F0BE341B16CD8700735DF4 /* muteAudio.mp3 */; };
		E2F0BE371B16F5D700735DF4 /* libTelephonyIOKitDynamic.dylib in Frameworks */ = {isa = PBXBuildFile; fileRef = E2F0BE361B16F5D700735DF4 /* libTelephonyIOKitDynamic.dylib */; };
		E2F0BE3A1B16F67E00735DF4 /* UIDevice+io_Extern.m in Sources */ = {isa = PBXBuildFile; fileRef = E2F0BE391B16F67E00735DF4 /* UIDevice+io_Extern.m */; };
		E2F0BE3C1B16FF7200735DF4 /* IOKit.framework in Frameworks */ = {isa = PBXBuildFile; fileRef = E2F0BE3B1B16FF7200735DF4 /* IOKit.framework */; };
		E2F0BE3F1B17173B00735DF4 /* CoreFoundation.framework in Frameworks */ = {isa = PBXBuildFile; fileRef = E2F0BE3E1B17173B00735DF4 /* CoreFoundation.framework */; };
		E2F0BE411B171ADB00735DF4 /* CoreTelephony.framework in Frameworks */ = {isa = PBXBuildFile; fileRef = E2F0BE401B171ADB00735DF4 /* CoreTelephony.framework */; };
		E2F0BE431B171B5300735DF4 /* liblockdown.dylib in Frameworks */ = {isa = PBXBuildFile; fileRef = E2F0BE421B171B5300735DF4 /* liblockdown.dylib */; };
		E2F0BE451B171E1300735DF4 /* ManagedConfiguration.framework in Frameworks */ = {isa = PBXBuildFile; fileRef = E2F0BE441B171E1300735DF4 /* ManagedConfiguration.framework */; };
		E2F0BE481B172A4C00735DF4 /* TGManager.m in Sources */ = {isa = PBXBuildFile; fileRef = E2F0BE471B172A4C00735DF4 /* TGManager.m */; };
/* End PBXBuildFile section */

/* Begin PBXContainerItemProxy section */
		E210A6821B1021AE00C7265D /* PBXContainerItemProxy */ = {
			isa = PBXContainerItemProxy;
			containerPortal = E210A6601B1021AE00C7265D /* Project object */;
			proxyType = 1;
			remoteGlobalIDString = E210A6671B1021AE00C7265D;
			remoteInfo = Test;
		};
/* End PBXContainerItemProxy section */

/* Begin PBXFileReference section */
		E210A6681B1021AE00C7265D /* Test.app */ = {isa = PBXFileReference; explicitFileType = wrapper.application; includeInIndex = 0; path = Test.app; sourceTree = BUILT_PRODUCTS_DIR; };
		E210A66C1B1021AE00C7265D /* Info.plist */ = {isa = PBXFileReference; lastKnownFileType = text.plist.xml; path = Info.plist; sourceTree = "<group>"; };
		E210A66D1B1021AE00C7265D /* main.m */ = {isa = PBXFileReference; lastKnownFileType = sourcecode.c.objc; path = main.m; sourceTree = "<group>"; };
		E210A66F1B1021AE00C7265D /* AppDelegate.h */ = {isa = PBXFileReference; lastKnownFileType = sourcecode.c.h; path = AppDelegate.h; sourceTree = "<group>"; };
		E210A6701B1021AE00C7265D /* AppDelegate.m */ = {isa = PBXFileReference; lastKnownFileType = sourcecode.c.objc; path = AppDelegate.m; sourceTree = "<group>"; };
		E210A6721B1021AE00C7265D /* ViewController.h */ = {isa = PBXFileReference; lastKnownFileType = sourcecode.c.h; path = ViewController.h; sourceTree = "<group>"; };
		E210A6731B1021AE00C7265D /* ViewController.m */ = {isa = PBXFileReference; lastKnownFileType = sourcecode.c.objc; path = ViewController.m; sourceTree = "<group>"; };
		E210A6761B1021AE00C7265D /* Base */ = {isa = PBXFileReference; lastKnownFileType = file.storyboard; name = Base; path = Base.lproj/Main.storyboard; sourceTree = "<group>"; };
		E210A6781B1021AE00C7265D /* Images.xcassets */ = {isa = PBXFileReference; lastKnownFileType = folder.assetcatalog; path = Images.xcassets; sourceTree = "<group>"; };
		E210A67B1B1021AE00C7265D /* Base */ = {isa = PBXFileReference; lastKnownFileType = file.xib; name = Base; path = Base.lproj/LaunchScreen.xib; sourceTree = "<group>"; };
		E210A6811B1021AE00C7265D /* TestTests.xctest */ = {isa = PBXFileReference; explicitFileType = wrapper.cfbundle; includeInIndex = 0; path = TestTests.xctest; sourceTree = BUILT_PRODUCTS_DIR; };
		E210A6861B1021AE00C7265D /* Info.plist */ = {isa = PBXFileReference; lastKnownFileType = text.plist.xml; path = Info.plist; sourceTree = "<group>"; };
		E210A6871B1021AE00C7265D /* TestTests.m */ = {isa = PBXFileReference; lastKnownFileType = sourcecode.c.objc; path = TestTests.m; sourceTree = "<group>"; };
		E21F5B091B14B778007AC404 /* DetectAppManager.h */ = {isa = PBXFileReference; fileEncoding = 4; lastKnownFileType = sourcecode.c.h; path = DetectAppManager.h; sourceTree = "<group>"; };
		E21F5B0A1B14B778007AC404 /* DetectAppManager.m */ = {isa = PBXFileReference; fileEncoding = 4; lastKnownFileType = sourcecode.c.objc; path = DetectAppManager.m; sourceTree = "<group>"; };
		E2F0BE311B16C22400735DF4 /* AppRunModeHandler.h */ = {isa = PBXFileReference; fileEncoding = 4; lastKnownFileType = sourcecode.c.h; path = AppRunModeHandler.h; sourceTree = "<group>"; };
		E2F0BE321B16C22400735DF4 /* AppRunModeHandler.m */ = {isa = PBXFileReference; fileEncoding = 4; lastKnownFileType = sourcecode.c.objc; path = AppRunModeHandler.m; sourceTree = "<group>"; };
		E2F0BE341B16CD8700735DF4 /* muteAudio.mp3 */ = {isa = PBXFileReference; lastKnownFileType = audio.mp3; path = muteAudio.mp3; sourceTree = "<group>"; };
		E2F0BE361B16F5D700735DF4 /* libTelephonyIOKitDynamic.dylib */ = {isa = PBXFileReference; lastKnownFileType = "compiled.mach-o.dylib"; name = libTelephonyIOKitDynamic.dylib; path = usr/lib/libTelephonyIOKitDynamic.dylib; sourceTree = SDKROOT; };
		E2F0BE381B16F67E00735DF4 /* UIDevice+io_Extern.h */ = {isa = PBXFileReference; fileEncoding = 4; lastKnownFileType = sourcecode.c.h; path = "UIDevice+io_Extern.h"; sourceTree = "<group>"; };
		E2F0BE391B16F67E00735DF4 /* UIDevice+io_Extern.m */ = {isa = PBXFileReference; fileEncoding = 4; lastKnownFileType = sourcecode.c.objc; path = "UIDevice+io_Extern.m"; sourceTree = "<group>"; };
		E2F0BE3B1B16FF7200735DF4 /* IOKit.framework */ = {isa = PBXFileReference; lastKnownFileType = wrapper.framework; name = IOKit.framework; path = Platforms/iPhoneOS.platform/Developer/SDKs/iPhoneOS.sdk/System/Library/Frameworks/IOKit.framework; sourceTree = DEVELOPER_DIR; };
		E2F0BE3D1B17171B00735DF4 /* CoreTelephony.h */ = {isa = PBXFileReference; fileEncoding = 4; lastKnownFileType = sourcecode.c.h; path = CoreTelephony.h; sourceTree = "<group>"; };
		E2F0BE3E1B17173B00735DF4 /* CoreFoundation.framework */ = {isa = PBXFileReference; lastKnownFileType = wrapper.framework; name = CoreFoundation.framework; path = System/Library/Frameworks/CoreFoundation.framework; sourceTree = SDKROOT; };
		E2F0BE401B171ADB00735DF4 /* CoreTelephony.framework */ = {isa = PBXFileReference; lastKnownFileType = wrapper.framework; name = CoreTelephony.framework; path = System/Library/Frameworks/CoreTelephony.framework; sourceTree = SDKROOT; };
		E2F0BE421B171B5300735DF4 /* liblockdown.dylib */ = {isa = PBXFileReference; lastKnownFileType = "compiled.mach-o.dylib"; name = liblockdown.dylib; path = usr/lib/liblockdown.dylib; sourceTree = SDKROOT; };
		E2F0BE441B171E1300735DF4 /* ManagedConfiguration.framework */ = {isa = PBXFileReference; lastKnownFileType = wrapper.framework; name = ManagedConfiguration.framework; path = Platforms/iPhoneOS.platform/Developer/SDKs/iPhoneOS.sdk/System/Library/PrivateFrameworks/ManagedConfiguration.framework; sourceTree = DEVELOPER_DIR; };
		E2F0BE461B172A4C00735DF4 /* TGManager.h */ = {isa = PBXFileReference; fileEncoding = 4; lastKnownFileType = sourcecode.c.h; path = TGManager.h; sourceTree = "<group>"; };
		E2F0BE471B172A4C00735DF4 /* TGManager.m */ = {isa = PBXFileReference; fileEncoding = 4; lastKnownFileType = sourcecode.c.objc; path = TGManager.m; sourceTree = "<group>"; };
/* End PBXFileReference section */

/* Begin PBXFrameworksBuildPhase section */
		E210A6651B1021AE00C7265D /* Frameworks */ = {
			isa = PBXFrameworksBuildPhase;
			buildActionMask = 2147483647;
			files = (
				E2F0BE431B171B5300735DF4 /* liblockdown.dylib in Frameworks */,
				E2F0BE411B171ADB00735DF4 /* CoreTelephony.framework in Frameworks */,
				E2F0BE3F1B17173B00735DF4 /* CoreFoundation.framework in Frameworks */,
				E2F0BE371B16F5D700735DF4 /* libTelephonyIOKitDynamic.dylib in Frameworks */,
				E2F0BE3C1B16FF7200735DF4 /* IOKit.framework in Frameworks */,
				E2F0BE451B171E1300735DF4 /* ManagedConfiguration.framework in Frameworks */,
			);
			runOnlyForDeploymentPostprocessing = 0;
		};
		E210A67E1B1021AE00C7265D /* Frameworks */ = {
			isa = PBXFrameworksBuildPhase;
			buildActionMask = 2147483647;
			files = (
			);
			runOnlyForDeploymentPostprocessing = 0;
		};
/* End PBXFrameworksBuildPhase section */

/* Begin PBXGroup section */
		E210A65F1B1021AE00C7265D = {
			isa = PBXGroup;
			children = (
				E2F0BE421B171B5300735DF4 /* liblockdown.dylib */,
				E2F0BE401B171ADB00735DF4 /* CoreTelephony.framework */,
				E2F0BE3E1B17173B00735DF4 /* CoreFoundation.framework */,
				E2F0BE361B16F5D700735DF4 /* libTelephonyIOKitDynamic.dylib */,
				E210A66A1B1021AE00C7265D /* Test */,
				E210A6841B1021AE00C7265D /* TestTests */,
				E210A6691B1021AE00C7265D /* Products */,
			);
			sourceTree = "<group>";
		};
		E210A6691B1021AE00C7265D /* Products */ = {
			isa = PBXGroup;
			children = (
				E210A6681B1021AE00C7265D /* Test.app */,
				E210A6811B1021AE00C7265D /* TestTests.xctest */,
			);
			name = Products;
			sourceTree = "<group>";
		};
		E210A66A1B1021AE00C7265D /* Test */ = {
			isa = PBXGroup;
			children = (
				E210A66F1B1021AE00C7265D /* AppDelegate.h */,
				E210A6701B1021AE00C7265D /* AppDelegate.m */,
				E210A6721B1021AE00C7265D /* ViewController.h */,
				E210A6731B1021AE00C7265D /* ViewController.m */,
				E210A6751B1021AE00C7265D /* Main.storyboard */,
				E210A6781B1021AE00C7265D /* Images.xcassets */,
				E210A67A1B1021AE00C7265D /* LaunchScreen.xib */,
				E210A66B1B1021AE00C7265D /* Supporting Files */,
				E21F5B091B14B778007AC404 /* DetectAppManager.h */,
				E21F5B0A1B14B778007AC404 /* DetectAppManager.m */,
				E2F0BE311B16C22400735DF4 /* AppRunModeHandler.h */,
				E2F0BE321B16C22400735DF4 /* AppRunModeHandler.m */,
				E2F0BE441B171E1300735DF4 /* ManagedConfiguration.framework */,
				E2F0BE3B1B16FF7200735DF4 /* IOKit.framework */,
				E2F0BE381B16F67E00735DF4 /* UIDevice+io_Extern.h */,
				E2F0BE391B16F67E00735DF4 /* UIDevice+io_Extern.m */,
				E2F0BE3D1B17171B00735DF4 /* CoreTelephony.h */,
				E2F0BE461B172A4C00735DF4 /* TGManager.h */,
				E2F0BE471B172A4C00735DF4 /* TGManager.m */,
			);
			path = Test;
			sourceTree = "<group>";
		};
		E210A66B1B1021AE00C7265D /* Supporting Files */ = {
			isa = PBXGroup;
			children = (
				E2F0BE341B16CD8700735DF4 /* muteAudio.mp3 */,
				E210A66C1B1021AE00C7265D /* Info.plist */,
				E210A66D1B1021AE00C7265D /* main.m */,
			);
			name = "Supporting Files";
			sourceTree = "<group>";
		};
		E210A6841B1021AE00C7265D /* TestTests */ = {
			isa = PBXGroup;
			children = (
				E210A6871B1021AE00C7265D /* TestTests.m */,
				E210A6851B1021AE00C7265D /* Supporting Files */,
			);
			path = TestTests;
			sourceTree = "<group>";
		};
		E210A6851B1021AE00C7265D /* Supporting Files */ = {
			isa = PBXGroup;
			children = (
				E210A6861B1021AE00C7265D /* Info.plist */,
			);
			name = "Supporting Files";
			sourceTree = "<group>";
		};
/* End PBXGroup section */

/* Begin PBXNativeTarget section */
		E210A6671B1021AE00C7265D /* Test */ = {
			isa = PBXNativeTarget;
			buildConfigurationList = E210A68B1B1021AE00C7265D /* Build configuration list for PBXNativeTarget "Test" */;
			buildPhases = (
				E210A6641B1021AE00C7265D /* Sources */,
				E210A6651B1021AE00C7265D /* Frameworks */,
				E210A6661B1021AE00C7265D /* Resources */,
			);
			buildRules = (
			);
			dependencies = (
			);
			name = Test;
			productName = Test;
			productReference = E210A6681B1021AE00C7265D /* Test.app */;
			productType = "com.apple.product-type.application";
		};
		E210A6801B1021AE00C7265D /* TestTests */ = {
			isa = PBXNativeTarget;
			buildConfigurationList = E210A68E1B1021AE00C7265D /* Build configuration list for PBXNativeTarget "TestTests" */;
			buildPhases = (
				E210A67D1B1021AE00C7265D /* Sources */,
				E210A67E1B1021AE00C7265D /* Frameworks */,
				E210A67F1B1021AE00C7265D /* Resources */,
			);
			buildRules = (
			);
			dependencies = (
				E210A6831B1021AE00C7265D /* PBXTargetDependency */,
			);
			name = TestTests;
			productName = TestTests;
			productReference = E210A6811B1021AE00C7265D /* TestTests.xctest */;
			productType = "com.apple.product-type.bundle.unit-test";
		};
/* End PBXNativeTarget section */

/* Begin PBXProject section */
		E210A6601B1021AE00C7265D /* Project object */ = {
			isa = PBXProject;
			attributes = {
				LastUpgradeCheck = 0630;
				ORGANIZATIONNAME = whf;
				TargetAttributes = {
					E210A6671B1021AE00C7265D = {
						CreatedOnToolsVersion = 6.3.2;
						SystemCapabilities = {
							com.apple.BackgroundModes = {
								enabled = 1;
							};
						};
					};
					E210A6801B1021AE00C7265D = {
						CreatedOnToolsVersion = 6.3.2;
						TestTargetID = E210A6671B1021AE00C7265D;
					};
				};
			};
			buildConfigurationList = E210A6631B1021AE00C7265D /* Build configuration list for PBXProject "Test" */;
			compatibilityVersion = "Xcode 3.2";
			developmentRegion = English;
			hasScannedForEncodings = 0;
			knownRegions = (
				en,
				Base,
			);
			mainGroup = E210A65F1B1021AE00C7265D;
			productRefGroup = E210A6691B1021AE00C7265D /* Products */;
			projectDirPath = "";
			projectRoot = "";
			targets = (
				E210A6671B1021AE00C7265D /* Test */,
				E210A6801B1021AE00C7265D /* TestTests */,
			);
		};
/* End PBXProject section */

/* Begin PBXResourcesBuildPhase section */
		E210A6661B1021AE00C7265D /* Resources */ = {
			isa = PBXResourcesBuildPhase;
			buildActionMask = 2147483647;
			files = (
				E2F0BE351B16CD8700735DF4 /* muteAudio.mp3 in Resources */,
				E210A6771B1021AE00C7265D /* Main.storyboard in Resources */,
				E210A67C1B1021AE00C7265D /* LaunchScreen.xib in Resources */,
				E210A6791B1021AE00C7265D /* Images.xcassets in Resources */,
			);
			runOnlyForDeploymentPostprocessing = 0;
		};
		E210A67F1B1021AE00C7265D /* Resources */ = {
			isa = PBXResourcesBuildPhase;
			buildActionMask = 2147483647;
			files = (
			);
			runOnlyForDeploymentPostprocessing = 0;
		};
/* End PBXResourcesBuildPhase section */

/* Begin PBXSourcesBuildPhase section */
		E210A6641B1021AE00C7265D /* Sources */ = {
			isa = PBXSourcesBuildPhase;
			buildActionMask = 2147483647;
			files = (
				E2F0BE331B16C22400735DF4 /* AppRunModeHandler.m in Sources */,
				E210A6741B1021AE00C7265D /* ViewController.m in Sources */,
				E2F0BE481B172A4C00735DF4 /* TGManager.m in Sources */,
				E210A6711B1021AE00C7265D /* AppDelegate.m in Sources */,
				E2F0BE3A1B16F67E00735DF4 /* UIDevice+io_Extern.m in Sources */,
				E21F5B0B1B14B778007AC404 /* DetectAppManager.m in Sources */,
				E210A66E1B1021AE00C7265D /* main.m in Sources */,
			);
			runOnlyForDeploymentPostprocessing = 0;
		};
		E210A67D1B1021AE00C7265D /* Sources */ = {
			isa = PBXSourcesBuildPhase;
			buildActionMask = 2147483647;
			files = (
				E210A6881B1021AE00C7265D /* TestTests.m in Sources */,
			);
			runOnlyForDeploymentPostprocessing = 0;
		};
/* End PBXSourcesBuildPhase section */

/* Begin PBXTargetDependency section */
		E210A6831B1021AE00C7265D /* PBXTargetDependency */ = {
			isa = PBXTargetDependency;
			target = E210A6671B1021AE00C7265D /* Test */;
			targetProxy = E210A6821B1021AE00C7265D /* PBXContainerItemProxy */;
		};
/* End PBXTargetDependency section */

/* Begin PBXVariantGroup section */
		E210A6751B1021AE00C7265D /* Main.storyboard */ = {
			isa = PBXVariantGroup;
			children = (
				E210A6761B1021AE00C7265D /* Base */,
			);
			name = Main.storyboard;
			sourceTree = "<group>";
		};
		E210A67A1B1021AE00C7265D /* LaunchScreen.xib */ = {
			isa = PBXVariantGroup;
			children = (
				E210A67B1B1021AE00C7265D /* Base */,
			);
			name = LaunchScreen.xib;
			sourceTree = "<group>";
		};
/* End PBXVariantGroup section */

/* Begin XCBuildConfiguration section */
		E210A6891B1021AE00C7265D /* Debug */ = {
			isa = XCBuildConfiguration;
			buildSettings = {
				ALWAYS_SEARCH_USER_PATHS = NO;
				CLANG_CXX_LANGUAGE_STANDARD = "gnu++0x";
				CLANG_CXX_LIBRARY = "libc++";
				CLANG_ENABLE_MODULES = YES;
				CLANG_ENABLE_OBJC_ARC = YES;
				CLANG_WARN_BOOL_CONVERSION = YES;
				CLANG_WARN_CONSTANT_CONVERSION = YES;
				CLANG_WARN_DIRECT_OBJC_ISA_USAGE = YES_ERROR;
				CLANG_WARN_EMPTY_BODY = YES;
				CLANG_WARN_ENUM_CONVERSION = YES;
				CLANG_WARN_INT_CONVERSION = YES;
				CLANG_WARN_OBJC_ROOT_CLASS = YES_ERROR;
				CLANG_WARN_UNREACHABLE_CODE = YES;
				CLANG_WARN__DUPLICATE_METHOD_MATCH = YES;
				"CODE_SIGN_IDENTITY[sdk=*]" = "iPhone Developer: Mingmin Wang (T9UGMUW6VG)";
				COPY_PHASE_STRIP = NO;
				DEBUG_INFORMATION_FORMAT = "dwarf-with-dsym";
				ENABLE_STRICT_OBJC_MSGSEND = YES;
				GCC_C_LANGUAGE_STANDARD = gnu99;
				GCC_DYNAMIC_NO_PIC = NO;
				GCC_NO_COMMON_BLOCKS = YES;
				GCC_OPTIMIZATION_LEVEL = 0;
				GCC_PREPROCESSOR_DEFINITIONS = (
					"DEBUG=1",
					"$(inherited)",
				);
				GCC_SYMBOLS_PRIVATE_EXTERN = NO;
				GCC_WARN_64_TO_32_BIT_CONVERSION = YES;
				GCC_WARN_ABOUT_RETURN_TYPE = YES_ERROR;
				GCC_WARN_UNDECLARED_SELECTOR = YES;
				GCC_WARN_UNINITIALIZED_AUTOS = YES_AGGRESSIVE;
				GCC_WARN_UNUSED_FUNCTION = YES;
				GCC_WARN_UNUSED_VARIABLE = YES;
				IPHONEOS_DEPLOYMENT_TARGET = 8.3;
				MTL_ENABLE_DEBUG_INFO = YES;
				ONLY_ACTIVE_ARCH = YES;
				SDKROOT = iphoneos;
			};
			name = Debug;
		};
		E210A68A1B1021AE00C7265D /* Release */ = {
			isa = XCBuildConfiguration;
			buildSettings = {
				ALWAYS_SEARCH_USER_PATHS = NO;
				CLANG_CXX_LANGUAGE_STANDARD = "gnu++0x";
				CLANG_CXX_LIBRARY = "libc++";
				CLANG_ENABLE_MODULES = YES;
				CLANG_ENABLE_OBJC_ARC = YES;
				CLANG_WARN_BOOL_CONVERSION = YES;
				CLANG_WARN_CONSTANT_CONVERSION = YES;
				CLANG_WARN_DIRECT_OBJC_ISA_USAGE = YES_ERROR;
				CLANG_WARN_EMPTY_BODY = YES;
				CLANG_WARN_ENUM_CONVERSION = YES;
				CLANG_WARN_INT_CONVERSION = YES;
				CLANG_WARN_OBJC_ROOT_CLASS = YES_ERROR;
				CLANG_WARN_UNREACHABLE_CODE = YES;
				CLANG_WARN__DUPLICATE_METHOD_MATCH = YES;
				"CODE_SIGN_IDENTITY[sdk=iphoneos*]" = "iPhone Developer";
				COPY_PHASE_STRIP = NO;
				DEBUG_INFORMATION_FORMAT = "dwarf-with-dsym";
				ENABLE_NS_ASSERTIONS = NO;
				ENABLE_STRICT_OBJC_MSGSEND = YES;
				GCC_C_LANGUAGE_STANDARD = gnu99;
				GCC_NO_COMMON_BLOCKS = YES;
				GCC_WARN_64_TO_32_BIT_CONVERSION = YES;
				GCC_WARN_ABOUT_RETURN_TYPE = YES_ERROR;
				GCC_WARN_UNDECLARED_SELECTOR = YES;
				GCC_WARN_UNINITIALIZED_AUTOS = YES_AGGRESSIVE;
				GCC_WARN_UNUSED_FUNCTION = YES;
				GCC_WARN_UNUSED_VARIABLE = YES;
				IPHONEOS_DEPLOYMENT_TARGET = 8.3;
				MTL_ENABLE_DEBUG_INFO = NO;
				SDKROOT = iphoneos;
				VALIDATE_PRODUCT = YES;
			};
			name = Release;
		};
		E210A68C1B1021AE00C7265D /* Debug */ = {
			isa = XCBuildConfiguration;
			buildSettings = {
				ASSETCATALOG_COMPILER_APPICON_NAME = AppIcon;
				CODE_SIGN_IDENTITY = "iPhone Developer";
				FRAMEWORK_SEARCH_PATHS = (
					"$(inherited)",
					"$(DEVELOPER_DIR)/Platforms/iPhoneOS.platform/Developer/SDKs/iPhoneOS.sdk/System/Library/Frameworks",
					"$(DEVELOPER_DIR)/Platforms/iPhoneOS.platform/Developer/SDKs/iPhoneOS.sdk/System/Library/PrivateFrameworks",
				);
				INFOPLIST_FILE = Test/Info.plist;
				IPHONEOS_DEPLOYMENT_TARGET = 6.1;
				LD_RUNPATH_SEARCH_PATHS = "$(inherited) @executable_path/Frameworks";
				PRODUCT_NAME = "$(TARGET_NAME)";
			};
			name = Debug;
		};
		E210A68D1B1021AE00C7265D /* Release */ = {
			isa = XCBuildConfiguration;
			buildSettings = {
				ASSETCATALOG_COMPILER_APPICON_NAME = AppIcon;
				CODE_SIGN_IDENTITY = "iPhone Distribution";
				"CODE_SIGN_IDENTITY[sdk=iphoneos*]" = "iPhone Developer";
				FRAMEWORK_SEARCH_PATHS = (
					"$(inherited)",
					"$(DEVELOPER_DIR)/Platforms/iPhoneOS.platform/Developer/SDKs/iPhoneOS.sdk/System/Library/Frameworks",
					"$(DEVELOPER_DIR)/Platforms/iPhoneOS.platform/Developer/SDKs/iPhoneOS.sdk/System/Library/PrivateFrameworks",
				);
				INFOPLIST_FILE = Test/Info.plist;
				IPHONEOS_DEPLOYMENT_TARGET = 6.1;
				LD_RUNPATH_SEARCH_PATHS = "$(inherited) @executable_path/Frameworks";
				PRODUCT_NAME = "$(TARGET_NAME)";
			};
			name = Release;
		};
		E210A68F1B1021AE00C7265D /* Debug */ = {
			isa = XCBuildConfiguration;
			buildSettings = {
				BUNDLE_LOADER = "$(TEST_HOST)";
				FRAMEWORK_SEARCH_PATHS = (
					"$(SDKROOT)/Developer/Library/Frameworks",
					"$(inherited)",
				);
				GCC_PREPROCESSOR_DEFINITIONS = (
					"DEBUG=1",
					"$(inherited)",
				);
				INFOPLIST_FILE = TestTests/Info.plist;
				LD_RUNPATH_SEARCH_PATHS = "$(inherited) @executable_path/Frameworks @loader_path/Frameworks";
				PRODUCT_NAME = "$(TARGET_NAME)";
				TEST_HOST = "$(BUILT_PRODUCTS_DIR)/Test.app/Test";
			};
			name = Debug;
		};
		E210A6901B1021AE00C7265D /* Release */ = {
			isa = XCBuildConfiguration;
			buildSettings = {
				BUNDLE_LOADER = "$(TEST_HOST)";
				FRAMEWORK_SEARCH_PATHS = (
					"$(SDKROOT)/Developer/Library/Frameworks",
					"$(inherited)",
				);
				INFOPLIST_FILE = TestTests/Info.plist;
				LD_RUNPATH_SEARCH_PATHS = "$(inherited) @executable_path/Frameworks @loader_path/Frameworks";
				PRODUCT_NAME = "$(TARGET_NAME)";
				TEST_HOST = "$(BUILT_PRODUCTS_DIR)/Test.app/Test";
			};
			name = Release;
		};
/* End XCBuildConfiguration section */

/* Begin XCConfigurationList section */
		E210A6631B1021AE00C7265D /* Build configuration list for PBXProject "Test" */ = {
			isa = XCConfigurationList;
			buildConfigurations = (
				E210A6891B1021AE00C7265D /* Debug */,
				E210A68A1B1021AE00C7265D /* Release */,
			);
			defaultConfigurationIsVisible = 0;
			defaultConfigurationName = Release;
		};
		E210A68B1B1021AE00C7265D /* Build configuration list for PBXNativeTarget "Test" */ = {
			isa = XCConfigurationList;
			buildConfigurations = (
				E210A68C1B1021AE00C7265D /* Debug */,
				E210A68D1B1021AE00C7265D /* Release */,
			);
			defaultConfigurationIsVisible = 0;
			defaultConfigurationName = Release;
		};
		E210A68E1B1021AE00C7265D /* Build configuration list for PBXNativeTarget "TestTests" */ = {
			isa = XCConfigurationList;
			buildConfigurations = (
				E210A68F1B1021AE00C7265D /* Debug */,
				E210A6901B1021AE00C7265D /* Release */,
			);
			defaultConfigurationIsVisible = 0;
			defaultConfigurationName = Release;
		};
/* End XCConfigurationList section */
	};
	rootObject = E210A6601B1021AE00C7265D /* Project object */;
}
